
Microsoft Visual Studio Solution File, Format Version 12.00
# Visual Studio Version 17
VisualStudioVersion = 17.4.33205.214
MinimumVisualStudioVersion = 10.0.40219.1
Project("{FAE04EC0-301F-11D3-BF4B-00C04F79EFBC}") = "Todo", "Todo\Todo.csproj", "{E334680A-5540-45B4-8A3D-88778675A04B}"
EndProject
Global
	GlobalSection(SolutionConfigurationPlatforms) = preSolution
		Debug|Any CPU = Debug|Any CPU
		Release|Any CPU = Release|Any CPU
	EndGlobalSection
	GlobalSection(ProjectConfigurationPlatforms) = postSolution
		{E334680A-5540-45B4-8A3D-88778675A04B}.Debug|Any CPU.ActiveCfg = Debug|Any CPU
		{E334680A-5540-45B4-8A3D-88778675A04B}.Debug|Any CPU.Build.0 = Debug|Any CPU
		{E334680A-5540-45B4-8A3D-88778675A04B}.Release|Any CPU.ActiveCfg = Release|Any CPU
		{E334680A-5540-45B4-8A3D-88778675A04B}.Release|Any CPU.Build.0 = Release|Any CPU
	EndGlobalSection
	GlobalSection(SolutionProperties) = preSolution
		HideSolutionNode = FALSE
	EndGlobalSection
	GlobalSection(ExtensibilityGlobals) = postSolution
		SolutionGuid = {C7B746DA-644C-4D5A-9180-6318A8E76895}
	EndGlobalSection
EndGlobal
