
Microsoft Visual Studio Solution File, Format Version 12.00
# Visual Studio Version 17
VisualStudioVersion = 17.4.33205.214
MinimumVisualStudioVersion = 10.0.40219.1
Project("{FAE04EC0-301F-11D3-BF4B-00C04F79EFBC}") = "Todo", "Todo\Todo.csproj", "{20506370-DDB6-4B20-BB8C-322E1DCC0246}"
EndProject
Global
	GlobalSection(SolutionConfigurationPlatforms) = preSolution
		Debug|Any CPU = Debug|Any CPU
		Release|Any CPU = Release|Any CPU
	EndGlobalSection
	GlobalSection(ProjectConfigurationPlatforms) = postSolution
		{20506370-DDB6-4B20-BB8C-322E1DCC0246}.Debug|Any CPU.ActiveCfg = Debug|Any CPU
		{20506370-DDB6-4B20-BB8C-322E1DCC0246}.Debug|Any CPU.Build.0 = Debug|Any CPU
		{20506370-DDB6-4B20-BB8C-322E1DCC0246}.Release|Any CPU.ActiveCfg = Release|Any CPU
		{20506370-DDB6-4B20-BB8C-322E1DCC0246}.Release|Any CPU.Build.0 = Release|Any CPU
	EndGlobalSection
	GlobalSection(SolutionProperties) = preSolution
		HideSolutionNode = FALSE
	EndGlobalSection
	GlobalSection(ExtensibilityGlobals) = postSolution
		SolutionGuid = {61031BD6-8F9C-4DD6-9F68-5383889C8536}
	EndGlobalSection
EndGlobal
